speakeasyVersion: 1.769.2
sources:
    Authlete-OAS:
        sourceNamespace: authlete-oas
        sourceRevisionDigest: sha256:152a193a0b48fc06d645e84a0275f44a311eedad334b28a7a8e62f9418631293
        sourceBlobDigest: sha256:188a4947c2ab8aa8f3b66fc2980fe0922e17524b6dc3bc692c16acbf068be103
        tags:
            - latest
            - 3.0.16
targets:
    authlete:
        source: Authlete-OAS
        sourceNamespace: authlete-oas
        sourceRevisionDigest: sha256:152a193a0b48fc06d645e84a0275f44a311eedad334b28a7a8e62f9418631293
        sourceBlobDigest: sha256:188a4947c2ab8aa8f3b66fc2980fe0922e17524b6dc3bc692c16acbf068be103
        codeSamplesNamespace: authlete-oas-go-code-samples
        codeSamplesRevisionDigest: sha256:f18a7124a2039b27428651bac8d7bc04bfeca1de7e7bef87c84805f712c6c624
workflow:
    workflowVersion: 1.0.0
    speakeasyVersion: latest
    sources:
        Authlete-OAS:
            inputs:
                - location: https://raw.githubusercontent.com/authlete/openapi/refs/heads/main/spec_next.yaml
            overlays:
                - location: .speakeasy/speakeasy-modifications-overlay.yaml
            output: .speakeasy/out.openapi.yaml
            registry:
                location: registry.speakeasyapi.dev/authlete/sdk-workspace/authlete-oas
    targets:
        authlete:
            target: go
            source: Authlete-OAS
            codeSamples:
                registry:
                    location: registry.speakeasyapi.dev/authlete/sdk-workspace/authlete-oas-go-code-samples
                labelOverride:
                    fixedValue: Go (SDK)
                blocking: false
