speakeasyVersion: 1.759.3
sources:
    Authlete-OAS:
        sourceNamespace: authlete-oas
        sourceRevisionDigest: sha256:e5f6712754e8feee063e21321b8e8a6998e96234c21351a331898e54028716c8
        sourceBlobDigest: sha256:270295567f887357bbe72f8f537d7149375c799ca2371fde71c73286ac8dbe86
        tags:
            - latest
            - 3.0.16
targets:
    authlete:
        source: Authlete-OAS
        sourceNamespace: authlete-oas
        sourceRevisionDigest: sha256:e5f6712754e8feee063e21321b8e8a6998e96234c21351a331898e54028716c8
        sourceBlobDigest: sha256:270295567f887357bbe72f8f537d7149375c799ca2371fde71c73286ac8dbe86
        codeSamplesNamespace: authlete-oas-go-code-samples
        codeSamplesRevisionDigest: sha256:ad399484c0381425c9a77081a756c2c77332c1c53a68d9860b86bdbc7ba948c5
workflow:
    workflowVersion: 1.0.0
    speakeasyVersion: latest
    sources:
        Authlete-OAS:
            inputs:
                - location: https://raw.githubusercontent.com/authlete/openapi/refs/heads/main/spec_next.yaml
            overlays:
                - location: .speakeasy/speakeasy-modifications-overlay.yaml
            output: .speakeasy/out.openapi.yaml
            registry:
                location: registry.speakeasyapi.dev/authlete/sdk-workspace/authlete-oas
    targets:
        authlete:
            target: go
            source: Authlete-OAS
            codeSamples:
                registry:
                    location: registry.speakeasyapi.dev/authlete/sdk-workspace/authlete-oas-go-code-samples
                labelOverride:
                    fixedValue: Go (SDK)
                blocking: false
